
Microsoft Visual Studio Solution File, Format Version 12.00
# Visual Studio 15
VisualStudioVersion = 15.0.27428.2027
MinimumVisualStudioVersion = 10.0.40219.1
Project("{FAE04EC0-301F-11D3-BF4B-00C04F79EFBC}") = "DesignPatterns1", "DesignPatterns1\DesignPatterns1.csproj", "{22DD7BEB-D3E8-4B67-A39F-4010E084A09E}"
EndProject
Project("{FAE04EC0-301F-11D3-BF4B-00C04F79EFBC}") = "DP1Tests", "DP1Tests\DP1Tests.csproj", "{D09AB0C2-FA05-463A-A207-40652249A11C}"
EndProject
Project("{2150E333-8FDC-42A3-9474-1A3956D46DE8}") = "Diagrams", "Diagrams", "{CD35A17D-D5DB-4349-9AF5-AE3DD9CFB2F3}"
EndProject
Global
	GlobalSection(SolutionConfigurationPlatforms) = preSolution
		Debug|Any CPU = Debug|Any CPU
		Release|Any CPU = Release|Any CPU
	EndGlobalSection
	GlobalSection(ProjectConfigurationPlatforms) = postSolution
		{22DD7BEB-D3E8-4B67-A39F-4010E084A09E}.Debug|Any CPU.ActiveCfg = Debug|Any CPU
		{22DD7BEB-D3E8-4B67-A39F-4010E084A09E}.Debug|Any CPU.Build.0 = Debug|Any CPU
		{22DD7BEB-D3E8-4B67-A39F-4010E084A09E}.Release|Any CPU.ActiveCfg = Release|Any CPU
		{22DD7BEB-D3E8-4B67-A39F-4010E084A09E}.Release|Any CPU.Build.0 = Release|Any CPU
		{D09AB0C2-FA05-463A-A207-40652249A11C}.Debug|Any CPU.ActiveCfg = Debug|Any CPU
		{D09AB0C2-FA05-463A-A207-40652249A11C}.Debug|Any CPU.Build.0 = Debug|Any CPU
		{D09AB0C2-FA05-463A-A207-40652249A11C}.Release|Any CPU.ActiveCfg = Release|Any CPU
		{D09AB0C2-FA05-463A-A207-40652249A11C}.Release|Any CPU.Build.0 = Release|Any CPU
	EndGlobalSection
	GlobalSection(SolutionProperties) = preSolution
		HideSolutionNode = FALSE
	EndGlobalSection
	GlobalSection(ExtensibilityGlobals) = postSolution
		SolutionGuid = {D276CA00-C63A-42A4-99D3-EDE55309EDEC}
	EndGlobalSection
EndGlobal
